
Microsoft Visual Studio Solution File, Format Version 12.00
# Visual Studio Version 17
VisualStudioVersion = 17.14.36705.20 d17.14
MinimumVisualStudioVersion = 10.0.40219.1
Project("{FAE04EC0-301F-11D3-BF4B-00C04F79EFBC}") = "IdentityTraining", "IdentityTraining.csproj", "{885C52FC-2652-48C3-AB0E-5A25D4D196A6}"
EndProject
Global
	GlobalSection(SolutionConfigurationPlatforms) = preSolution
		Debug|Any CPU = Debug|Any CPU
		Release|Any CPU = Release|Any CPU
	EndGlobalSection
	GlobalSection(ProjectConfigurationPlatforms) = postSolution
		{885C52FC-2652-48C3-AB0E-5A25D4D196A6}.Debug|Any CPU.ActiveCfg = Debug|Any CPU
		{885C52FC-2652-48C3-AB0E-5A25D4D196A6}.Debug|Any CPU.Build.0 = Debug|Any CPU
		{885C52FC-2652-48C3-AB0E-5A25D4D196A6}.Release|Any CPU.ActiveCfg = Release|Any CPU
		{885C52FC-2652-48C3-AB0E-5A25D4D196A6}.Release|Any CPU.Build.0 = Release|Any CPU
	EndGlobalSection
	GlobalSection(SolutionProperties) = preSolution
		HideSolutionNode = FALSE
	EndGlobalSection
	GlobalSection(ExtensibilityGlobals) = postSolution
		SolutionGuid = {BA681A82-44CB-4DD5-BF50-7F6BD7D72C3D}
	EndGlobalSection
EndGlobal
